[[package]]
name = "future"
version = "0.18.2"
description = "Clean single-source support for Python 3 and 2"
category = "main"
optional = false
python-versions = ">=2.6, !=3.0.*, !=3.1.*, !=3.2.*"

[[package]]
name = "isort"
version = "4.3.21"
description = "A Python utility / library to sort Python imports."
category = "dev"
optional = false
python-versions = ">=2.7, !=3.0.*, !=3.1.*, !=3.2.*, !=3.3.*"

[package.extras]
pipfile = ["pipreqs", "requirementslib"]
pyproject = ["toml"]
requirements = ["pipreqs", "pip-api"]
xdg_home = ["appdirs (>=1.4.0)"]

[[package]]
name = "numpy"
version = "1.19.2"
description = "NumPy is the fundamental package for array computing with Python."
category = "main"
optional = false
python-versions = ">=3.6"

[[package]]
name = "pillow"
version = "9.0.1"
description = "Python Imaging Library (Fork)"
category = "main"
optional = false
python-versions = ">=3.7"

[[package]]
name = "torch"
version = "1.5.0"
description = "Tensors and Dynamic neural networks in Python with strong GPU acceleration"
category = "main"
optional = false
python-versions = ">=2.7, !=3.0.*, !=3.1.*, !=3.2.*, !=3.3.*, !=3.4.*, !=3.6.0"

[package.dependencies]
future = "*"
numpy = "*"

[[package]]
name = "torchvision"
version = "0.6.0"
description = "image and video datasets and models for torch deep learning"
category = "main"
optional = false
python-versions = "*"

[package.dependencies]
numpy = "*"
pillow = ">=4.1.1"
torch = "1.5.0"

[package.extras]
scipy = ["scipy"]

[metadata]
lock-version = "1.1"
python-versions = "^3.7"
content-hash = "dbd4847f3202586af1400304042fe66f13b44ae4f8896c4f91627b5606c716f3"

[metadata.files]
future = [
    {file = "future-0.18.2.tar.gz", hash = "sha256:b1bead90b70cf6ec3f0710ae53a525360fa360d306a86583adc6bf83a4db537d"},
]
isort = [
    {file = "isort-4.3.21-py2.py3-none-any.whl", hash = "sha256:6e811fcb295968434526407adb8796944f1988c5b65e8139058f2014cbe100fd"},
    {file = "isort-4.3.21.tar.gz", hash = "sha256:54da7e92468955c4fceacd0c86bd0ec997b0e1ee80d97f67c35a78b719dccab1"},
]
numpy = [
    {file = "numpy-1.19.2-cp36-cp36m-macosx_10_9_x86_64.whl", hash = "sha256:b594f76771bc7fc8a044c5ba303427ee67c17a09b36e1fa32bde82f5c419d17a"},
    {file = "numpy-1.19.2-cp36-cp36m-manylinux1_i686.whl", hash = "sha256:e6ddbdc5113628f15de7e4911c02aed74a4ccff531842c583e5032f6e5a179bd"},
    {file = "numpy-1.19.2-cp36-cp36m-manylinux1_x86_64.whl", hash = "sha256:3733640466733441295b0d6d3dcbf8e1ffa7e897d4d82903169529fd3386919a"},
    {file = "numpy-1.19.2-cp36-cp36m-manylinux2010_i686.whl", hash = "sha256:4339741994c775396e1a274dba3609c69ab0f16056c1077f18979bec2a2c2e6e"},
    {file = "numpy-1.19.2-cp36-cp36m-manylinux2010_x86_64.whl", hash = "sha256:7c6646314291d8f5ea900a7ea9c4261f834b5b62159ba2abe3836f4fa6705526"},
    {file = "numpy-1.19.2-cp36-cp36m-manylinux2014_aarch64.whl", hash = "sha256:7118f0a9f2f617f921ec7d278d981244ba83c85eea197be7c5a4f84af80a9c3c"},
    {file = "numpy-1.19.2-cp36-cp36m-win32.whl", hash = "sha256:9a3001248b9231ed73894c773142658bab914645261275f675d86c290c37f66d"},
    {file = "numpy-1.19.2-cp36-cp36m-win_amd64.whl", hash = "sha256:967c92435f0b3ba37a4257c48b8715b76741410467e2bdb1097e8391fccfae15"},
    {file = "numpy-1.19.2-cp37-cp37m-macosx_10_9_x86_64.whl", hash = "sha256:d526fa58ae4aead839161535d59ea9565863bb0b0bdb3cc63214613fb16aced4"},
    {file = "numpy-1.19.2-cp37-cp37m-manylinux1_i686.whl", hash = "sha256:eb25c381d168daf351147713f49c626030dcff7a393d5caa62515d415a6071d8"},
    {file = "numpy-1.19.2-cp37-cp37m-manylinux1_x86_64.whl", hash = "sha256:62139af94728d22350a571b7c82795b9d59be77fc162414ada6c8b6a10ef5d02"},
    {file = "numpy-1.19.2-cp37-cp37m-manylinux2010_i686.whl", hash = "sha256:0c66da1d202c52051625e55a249da35b31f65a81cb56e4c69af0dfb8fb0125bf"},
    {file = "numpy-1.19.2-cp37-cp37m-manylinux2010_x86_64.whl", hash = "sha256:2117536e968abb7357d34d754e3733b0d7113d4c9f1d921f21a3d96dec5ff716"},
    {file = "numpy-1.19.2-cp37-cp37m-manylinux2014_aarch64.whl", hash = "sha256:54045b198aebf41bf6bf4088012777c1d11703bf74461d70cd350c0af2182e45"},
    {file = "numpy-1.19.2-cp37-cp37m-win32.whl", hash = "sha256:aba1d5daf1144b956bc87ffb87966791f5e9f3e1f6fab3d7f581db1f5b598f7a"},
    {file = "numpy-1.19.2-cp37-cp37m-win_amd64.whl", hash = "sha256:addaa551b298052c16885fc70408d3848d4e2e7352de4e7a1e13e691abc734c1"},
    {file = "numpy-1.19.2-cp38-cp38-macosx_10_9_x86_64.whl", hash = "sha256:58d66a6b3b55178a1f8a5fe98df26ace76260a70de694d99577ddeab7eaa9a9d"},
    {file = "numpy-1.19.2-cp38-cp38-manylinux1_i686.whl", hash = "sha256:59f3d687faea7a4f7f93bd9665e5b102f32f3fa28514f15b126f099b7997203d"},
    {file = "numpy-1.19.2-cp38-cp38-manylinux1_x86_64.whl", hash = "sha256:cebd4f4e64cfe87f2039e4725781f6326a61f095bc77b3716502bed812b385a9"},
    {file = "numpy-1.19.2-cp38-cp38-manylinux2010_i686.whl", hash = "sha256:c35a01777f81e7333bcf276b605f39c872e28295441c265cd0c860f4b40148c1"},
    {file = "numpy-1.19.2-cp38-cp38-manylinux2010_x86_64.whl", hash = "sha256:d7ac33585e1f09e7345aa902c281bd777fdb792432d27fca857f39b70e5dd31c"},
    {file = "numpy-1.19.2-cp38-cp38-manylinux2014_aarch64.whl", hash = "sha256:04c7d4ebc5ff93d9822075ddb1751ff392a4375e5885299445fcebf877f179d5"},
    {file = "numpy-1.19.2-cp38-cp38-win32.whl", hash = "sha256:51ee93e1fac3fe08ef54ff1c7f329db64d8a9c5557e6c8e908be9497ac76374b"},
    {file = "numpy-1.19.2-cp38-cp38-win_amd64.whl", hash = "sha256:1669ec8e42f169ff715a904c9b2105b6640f3f2a4c4c2cb4920ae8b2785dac65"},
    {file = "numpy-1.19.2-pp36-pypy36_pp73-manylinux2010_x86_64.whl", hash = "sha256:0bfd85053d1e9f60234f28f63d4a5147ada7f432943c113a11afcf3e65d9d4c8"},
    {file = "numpy-1.19.2.zip", hash = "sha256:0d310730e1e793527065ad7dde736197b705d0e4c9999775f212b03c44a8484c"},
]
pillow = [
    {file = "Pillow-9.0.1-1-cp310-cp310-macosx_11_0_arm64.whl", hash = "sha256:a5d24e1d674dd9d72c66ad3ea9131322819ff86250b30dc5821cbafcfa0b96b4"},
    {file = "Pillow-9.0.1-1-cp38-cp38-macosx_11_0_arm64.whl", hash = "sha256:2632d0f846b7c7600edf53c48f8f9f1e13e62f66a6dbc15191029d950bfed976"},
    {file = "Pillow-9.0.1-1-cp39-cp39-macosx_11_0_arm64.whl", hash = "sha256:b9618823bd237c0d2575283f2939655f54d51b4527ec3972907a927acbcc5bfc"},
    {file = "Pillow-9.0.1-cp310-cp310-macosx_10_10_universal2.whl", hash = "sha256:9bfdb82cdfeccec50aad441afc332faf8606dfa5e8efd18a6692b5d6e79f00fd"},
    {file = "Pillow-9.0.1-cp310-cp310-macosx_11_0_arm64.whl", hash = "sha256:5100b45a4638e3c00e4d2320d3193bdabb2d75e79793af7c3eb139e4f569f16f"},
    {file = "Pillow-9.0.1-cp310-cp310-manylinux_2_17_aarch64.manylinux2014_aarch64.whl", hash = "sha256:528a2a692c65dd5cafc130de286030af251d2ee0483a5bf50c9348aefe834e8a"},
    {file = "Pillow-9.0.1-cp310-cp310-manylinux_2_17_i686.manylinux2014_i686.whl", hash = "sha256:0f29d831e2151e0b7b39981756d201f7108d3d215896212ffe2e992d06bfe049"},
    {file = "Pillow-9.0.1-cp310-cp310-manylinux_2_17_x86_64.manylinux2014_x86_64.whl", hash = "sha256:855c583f268edde09474b081e3ddcd5cf3b20c12f26e0d434e1386cc5d318e7a"},
    {file = "Pillow-9.0.1-cp310-cp310-win32.whl", hash = "sha256:d9d7942b624b04b895cb95af03a23407f17646815495ce4547f0e60e0b06f58e"},
    {file = "Pillow-9.0.1-cp310-cp310-win_amd64.whl", hash = "sha256:81c4b81611e3a3cb30e59b0cf05b888c675f97e3adb2c8672c3154047980726b"},
    {file = "Pillow-9.0.1-cp37-cp37m-macosx_10_10_x86_64.whl", hash = "sha256:413ce0bbf9fc6278b2d63309dfeefe452835e1c78398efb431bab0672fe9274e"},
    {file = "Pillow-9.0.1-cp37-cp37m-manylinux_2_17_aarch64.manylinux2014_aarch64.whl", hash = "sha256:80fe64a6deb6fcfdf7b8386f2cf216d329be6f2781f7d90304351811fb591360"},
    {file = "Pillow-9.0.1-cp37-cp37m-manylinux_2_17_i686.manylinux2014_i686.whl", hash = "sha256:cef9c85ccbe9bee00909758936ea841ef12035296c748aaceee535969e27d31b"},
    {file = "Pillow-9.0.1-cp37-cp37m-manylinux_2_17_x86_64.manylinux2014_x86_64.whl", hash = "sha256:1d19397351f73a88904ad1aee421e800fe4bbcd1aeee6435fb62d0a05ccd1030"},
    {file = "Pillow-9.0.1-cp37-cp37m-win32.whl", hash = "sha256:d21237d0cd37acded35154e29aec853e945950321dd2ffd1a7d86fe686814669"},
    {file = "Pillow-9.0.1-cp37-cp37m-win_amd64.whl", hash = "sha256:ede5af4a2702444a832a800b8eb7f0a7a1c0eed55b644642e049c98d589e5092"},
    {file = "Pillow-9.0.1-cp38-cp38-macosx_10_10_x86_64.whl", hash = "sha256:b5b3f092fe345c03bca1e0b687dfbb39364b21ebb8ba90e3fa707374b7915204"},
    {file = "Pillow-9.0.1-cp38-cp38-macosx_11_0_arm64.whl", hash = "sha256:335ace1a22325395c4ea88e00ba3dc89ca029bd66bd5a3c382d53e44f0ccd77e"},
    {file = "Pillow-9.0.1-cp38-cp38-manylinux_2_17_aarch64.manylinux2014_aarch64.whl", hash = "sha256:db6d9fac65bd08cea7f3540b899977c6dee9edad959fa4eaf305940d9cbd861c"},
    {file = "Pillow-9.0.1-cp38-cp38-manylinux_2_17_i686.manylinux2014_i686.whl", hash = "sha256:f154d173286a5d1863637a7dcd8c3437bb557520b01bddb0be0258dcb72696b5"},
    {file = "Pillow-9.0.1-cp38-cp38-manylinux_2_17_x86_64.manylinux2014_x86_64.whl", hash = "sha256:14d4b1341ac07ae07eb2cc682f459bec932a380c3b122f5540432d8977e64eae"},
    {file = "Pillow-9.0.1-cp38-cp38-win32.whl", hash = "sha256:effb7749713d5317478bb3acb3f81d9d7c7f86726d41c1facca068a04cf5bb4c"},
    {file = "Pillow-9.0.1-cp38-cp38-win_amd64.whl", hash = "sha256:7f7609a718b177bf171ac93cea9fd2ddc0e03e84d8fa4e887bdfc39671d46b00"},
    {file = "Pillow-9.0.1-cp39-cp39-macosx_10_10_x86_64.whl", hash = "sha256:80ca33961ced9c63358056bd08403ff866512038883e74f3a4bf88ad3eb66838"},
    {file = "Pillow-9.0.1-cp39-cp39-macosx_11_0_arm64.whl", hash = "sha256:1c3c33ac69cf059bbb9d1a71eeaba76781b450bc307e2291f8a4764d779a6b28"},
    {file = "Pillow-9.0.1-cp39-cp39-manylinux_2_17_aarch64.manylinux2014_aarch64.whl", hash = "sha256:12875d118f21cf35604176872447cdb57b07126750a33748bac15e77f90f1f9c"},
    {file = "Pillow-9.0.1-cp39-cp39-manylinux_2_17_i686.manylinux2014_i686.whl", hash = "sha256:514ceac913076feefbeaf89771fd6febde78b0c4c1b23aaeab082c41c694e81b"},
    {file = "Pillow-9.0.1-cp39-cp39-manylinux_2_17_x86_64.manylinux2014_x86_64.whl", hash = "sha256:d3c5c79ab7dfce6d88f1ba639b77e77a17ea33a01b07b99840d6ed08031cb2a7"},
    {file = "Pillow-9.0.1-cp39-cp39-win32.whl", hash = "sha256:718856856ba31f14f13ba885ff13874be7fefc53984d2832458f12c38205f7f7"},
    {file = "Pillow-9.0.1-cp39-cp39-win_amd64.whl", hash = "sha256:f25ed6e28ddf50de7e7ea99d7a976d6a9c415f03adcaac9c41ff6ff41b6d86ac"},
    {file = "Pillow-9.0.1-pp37-pypy37_pp73-macosx_10_10_x86_64.whl", hash = "sha256:011233e0c42a4a7836498e98c1acf5e744c96a67dd5032a6f666cc1fb97eab97"},
    {file = "Pillow-9.0.1-pp37-pypy37_pp73-manylinux_2_17_i686.manylinux2014_i686.whl", hash = "sha256:253e8a302a96df6927310a9d44e6103055e8fb96a6822f8b7f514bb7ef77de56"},
    {file = "Pillow-9.0.1-pp37-pypy37_pp73-manylinux_2_17_x86_64.manylinux2014_x86_64.whl", hash = "sha256:6295f6763749b89c994fcb6d8a7f7ce03c3992e695f89f00b741b4580b199b7e"},
    {file = "Pillow-9.0.1-pp38-pypy38_pp73-win_amd64.whl", hash = "sha256:a9f44cd7e162ac6191491d7249cceb02b8116b0f7e847ee33f739d7cb1ea1f70"},
    {file = "Pillow-9.0.1.tar.gz", hash = "sha256:6c8bc8238a7dfdaf7a75f5ec5a663f4173f8c367e5a39f87e720495e1eed75fa"},
]
torch = [
    {file = "torch-1.5.0-cp27-none-macosx_10_7_x86_64.whl", hash = "sha256:6fcfe5deaf0788bbe8639869d3c752ff5fe1bdedce11c7ed2d44379b1fbe6d6c"},
    {file = "torch-1.5.0-cp35-cp35m-manylinux1_x86_64.whl", hash = "sha256:931b79aed9aba50bf314214be6efaaf7972ea9539a3d63f82622bc5860a1fd81"},
    {file = "torch-1.5.0-cp35-none-macosx_10_6_x86_64.whl", hash = "sha256:7f3d6af2d7e2576b9640aa684f0c18a773efffe8b37f9056272287345c1dcba5"},
    {file = "torch-1.5.0-cp36-cp36m-manylinux1_x86_64.whl", hash = "sha256:dfaac4c5d27ac80705956743c34fb1ab5fb37e1646a6c8e45f05f7e739f6ea7c"},
    {file = "torch-1.5.0-cp36-none-macosx_10_9_x86_64.whl", hash = "sha256:402951484443bb49b5bc2129414ac6c644c07b8378e79922cf3645fd08cbfdc9"},
    {file = "torch-1.5.0-cp37-cp37m-manylinux1_x86_64.whl", hash = "sha256:865d4bec21542647e0822e8b753e05d67eee874974a3937273f710edd99a7516"},
    {file = "torch-1.5.0-cp37-none-macosx_10_9_x86_64.whl", hash = "sha256:3cc72d36eaeda96488e3a29373f739b887338952417b3e1620871063bf5d14d2"},
    {file = "torch-1.5.0-cp38-cp38-manylinux1_x86_64.whl", hash = "sha256:ecdc2ea4011e3ec04937b6b9e803ab671c3ac04e81b1df20354e01453e508b2f"},
    {file = "torch-1.5.0-cp38-none-macosx_10_9_x86_64.whl", hash = "sha256:cb4412c6b00117ab5e014d07dac45b87f1e918e31fbb849e7e39f1f9140fff59"},
]
torchvision = [
    {file = "torchvision-0.6.0-cp35-cp35m-macosx_10_6_x86_64.whl", hash = "sha256:0ea04a7e0f64599c158d36da01afd0cb3bc49033d2a145be4eb80c17c4c0482b"},
    {file = "torchvision-0.6.0-cp35-cp35m-manylinux1_x86_64.whl", hash = "sha256:a9b08435fdadd89520a78f5a54d196c05878d1a15e37f760d43f72f10bae308f"},
    {file = "torchvision-0.6.0-cp36-cp36m-macosx_10_9_x86_64.whl", hash = "sha256:8992f10a7860e0991766a788b546d5f11e3e7465e87a72eb9c78675dd2616400"},
    {file = "torchvision-0.6.0-cp36-cp36m-manylinux1_x86_64.whl", hash = "sha256:f43dae3b348afa5778439913ba1f3f176362ffc9e684ef01dc54dae7cf1b82e4"},
    {file = "torchvision-0.6.0-cp37-cp37m-macosx_10_9_x86_64.whl", hash = "sha256:0fa9e4a8381e5e04d0da0acd93f1429347053497ec343fe6d625b1b7fb2ce36e"},
    {file = "torchvision-0.6.0-cp37-cp37m-manylinux1_x86_64.whl", hash = "sha256:6eb4e0d7dc61030447b98d412162f222a95d848b3b0e484a81282c057af6dd25"},
    {file = "torchvision-0.6.0-cp38-cp38-macosx_10_9_x86_64.whl", hash = "sha256:691d68f3726b7392fe37db7184aef8a6b6f7cf6ff38fae769b287b3d6e1eb69a"},
    {file = "torchvision-0.6.0-cp38-cp38-manylinux1_x86_64.whl", hash = "sha256:ea39bed9e9497a67c5f66e37d3d5a663a0284868ae8616de81f65c66d9ad802b"},
]
