{
  "requires": true,
  "lockfileVersion": 1,
  "dependencies": {
    "cytoscape": {
      "version": "3.2.5",
      "resolved": "https://registry.npmjs.org/cytoscape/-/cytoscape-3.2.5.tgz",
      "integrity": "sha1-zVCrn81qEuUdLo5aE/HlrrLNhMg=",
      "requires": {
        "heap": "0.2.6",
        "lodash.debounce": "4.0.8"
      }
    },
    "cytoscape-dagre": {
      "version": "2.1.0",
      "resolved": "https://registry.npmjs.org/cytoscape-dagre/-/cytoscape-dagre-2.1.0.tgz",
      "integrity": "sha1-dDRa8Fr0uSl96nNkl6Xw932X4Ww=",
      "requires": {
        "dagre": "0.7.4"
      }
    },
    "dagre": {
      "version": "0.7.4",
      "resolved": "https://registry.npmjs.org/dagre/-/dagre-0.7.4.tgz",
      "integrity": "sha1-3nLw50pVDOEc5jjwoTb+1xI5gCI=",
      "requires": {
        "graphlib": "1.0.7",
        "lodash": "3.10.1"
      }
    },
    "graphlib": {
      "version": "1.0.7",
      "resolved": "https://registry.npmjs.org/graphlib/-/graphlib-1.0.7.tgz",
      "integrity": "sha1-DKst8P/mq+BwsmJb+h7bbslnuLE=",
      "requires": {
        "lodash": "3.10.1"
      }
    },
    "heap": {
      "version": "0.2.6",
      "resolved": "https://registry.npmjs.org/heap/-/heap-0.2.6.tgz",
      "integrity": "sha1-CH4fELBGky/IWU3Z5tN4r8nR5aw="
    },
    "lodash": {
      "version": "3.10.1",
      "resolved": "https://registry.npmjs.org/lodash/-/lodash-3.10.1.tgz",
      "integrity": "sha1-W/Rejkm6QYnhfUgnid/RW9FAt7Y="
    },
    "lodash.debounce": {
      "version": "4.0.8",
      "resolved": "https://registry.npmjs.org/lodash.debounce/-/lodash.debounce-4.0.8.tgz",
      "integrity": "sha1-gteb/zCmfEAF/9XiUVMArZyk168="
    }
  }
}
